
Microsoft Visual Studio Solution File, Format Version 12.00
# Visual Studio 2012
Project("{FAE04EC0-301F-11D3-BF4B-00C04F79EFBC}") = "Enigma.D3.MapHack", "Enigma.D3.MapHack.csproj", "{75F91ECC-DF5A-4650-878E-4411BCC97D94}"
EndProject
Project("{FAE04EC0-301F-11D3-BF4B-00C04F79EFBC}") = "Enigma.Wpf", "..\Enigma.Wpf\Enigma.Wpf.csproj", "{FDAB0808-F6E9-44D7-A411-121CCEC2E61E}"
EndProject
Project("{FAE04EC0-301F-11D3-BF4B-00C04F79EFBC}") = "Enigma.Memory", "..\Enigma.Memory\Enigma.Memory.csproj", "{3A385F29-42E2-4CAF-B1F2-2A1A7B90A971}"
EndProject
Project("{FAE04EC0-301F-11D3-BF4B-00C04F79EFBC}") = "Enigma.D3.Memory", "..\Enigma.D3.Memory\Enigma.D3.Memory.csproj", "{23848103-7DC0-4AB0-958F-B8793FFD1F2D}"
EndProject
Project("{FAE04EC0-301F-11D3-BF4B-00C04F79EFBC}") = "Enigma.D3.Core", "..\Enigma.D3.Core\Enigma.D3.Core.csproj", "{E01F9C34-F404-48DC-92E2-991DA7ADF9EB}"
EndProject
Project("{2150E333-8FDC-42A3-9474-1A3956D46DE8}") = "Shared", "Shared", "{744E0F28-C378-4808-8C65-746D09AFCF36}"
EndProject
Global
	GlobalSection(SolutionConfigurationPlatforms) = preSolution
		Debug|Any CPU = Debug|Any CPU
		Debug|Mixed Platforms = Debug|Mixed Platforms
		Debug|x64 = Debug|x64
		Debug|x86 = Debug|x86
		Release|Any CPU = Release|Any CPU
		Release|Mixed Platforms = Release|Mixed Platforms
		Release|x64 = Release|x64
		Release|x86 = Release|x86
	EndGlobalSection
	GlobalSection(ProjectConfigurationPlatforms) = postSolution
		{75F91ECC-DF5A-4650-878E-4411BCC97D94}.Debug|Any CPU.ActiveCfg = Debug|x86
		{75F91ECC-DF5A-4650-878E-4411BCC97D94}.Debug|Mixed Platforms.ActiveCfg = Debug|x86
		{75F91ECC-DF5A-4650-878E-4411BCC97D94}.Debug|Mixed Platforms.Build.0 = Debug|x86
		{75F91ECC-DF5A-4650-878E-4411BCC97D94}.Debug|x64.ActiveCfg = Debug|x64
		{75F91ECC-DF5A-4650-878E-4411BCC97D94}.Debug|x64.Build.0 = Debug|x64
		{75F91ECC-DF5A-4650-878E-4411BCC97D94}.Debug|x86.ActiveCfg = Debug|x86
		{75F91ECC-DF5A-4650-878E-4411BCC97D94}.Debug|x86.Build.0 = Debug|x86
		{75F91ECC-DF5A-4650-878E-4411BCC97D94}.Release|Any CPU.ActiveCfg = Release|x86
		{75F91ECC-DF5A-4650-878E-4411BCC97D94}.Release|Mixed Platforms.ActiveCfg = Release|x86
		{75F91ECC-DF5A-4650-878E-4411BCC97D94}.Release|Mixed Platforms.Build.0 = Release|x86
		{75F91ECC-DF5A-4650-878E-4411BCC97D94}.Release|x64.ActiveCfg = Release|x64
		{75F91ECC-DF5A-4650-878E-4411BCC97D94}.Release|x64.Build.0 = Release|x64
		{75F91ECC-DF5A-4650-878E-4411BCC97D94}.Release|x86.ActiveCfg = Release|x86
		{75F91ECC-DF5A-4650-878E-4411BCC97D94}.Release|x86.Build.0 = Release|x86
		{FDAB0808-F6E9-44D7-A411-121CCEC2E61E}.Debug|Any CPU.ActiveCfg = Debug|x86
		{FDAB0808-F6E9-44D7-A411-121CCEC2E61E}.Debug|Mixed Platforms.ActiveCfg = Debug|x86
		{FDAB0808-F6E9-44D7-A411-121CCEC2E61E}.Debug|Mixed Platforms.Build.0 = Debug|x86
		{FDAB0808-F6E9-44D7-A411-121CCEC2E61E}.Debug|x64.ActiveCfg = Debug|x64
		{FDAB0808-F6E9-44D7-A411-121CCEC2E61E}.Debug|x64.Build.0 = Debug|x64
		{FDAB0808-F6E9-44D7-A411-121CCEC2E61E}.Debug|x86.ActiveCfg = Debug|x86
		{FDAB0808-F6E9-44D7-A411-121CCEC2E61E}.Debug|x86.Build.0 = Debug|x86
		{FDAB0808-F6E9-44D7-A411-121CCEC2E61E}.Release|Any CPU.ActiveCfg = Release|x86
		{FDAB0808-F6E9-44D7-A411-121CCEC2E61E}.Release|Mixed Platforms.ActiveCfg = Release|x86
		{FDAB0808-F6E9-44D7-A411-121CCEC2E61E}.Release|Mixed Platforms.Build.0 = Release|x86
		{FDAB0808-F6E9-44D7-A411-121CCEC2E61E}.Release|x64.ActiveCfg = Release|x64
		{FDAB0808-F6E9-44D7-A411-121CCEC2E61E}.Release|x64.Build.0 = Release|x64
		{FDAB0808-F6E9-44D7-A411-121CCEC2E61E}.Release|x86.ActiveCfg = Release|x86
		{FDAB0808-F6E9-44D7-A411-121CCEC2E61E}.Release|x86.Build.0 = Release|x86
		{3A385F29-42E2-4CAF-B1F2-2A1A7B90A971}.Debug|Any CPU.ActiveCfg = Debug|Any CPU
		{3A385F29-42E2-4CAF-B1F2-2A1A7B90A971}.Debug|Any CPU.Build.0 = Debug|Any CPU
		{3A385F29-42E2-4CAF-B1F2-2A1A7B90A971}.Debug|Mixed Platforms.ActiveCfg = Debug|Any CPU
		{3A385F29-42E2-4CAF-B1F2-2A1A7B90A971}.Debug|Mixed Platforms.Build.0 = Debug|Any CPU
		{3A385F29-42E2-4CAF-B1F2-2A1A7B90A971}.Debug|x64.ActiveCfg = Debug|Any CPU
		{3A385F29-42E2-4CAF-B1F2-2A1A7B90A971}.Debug|x86.ActiveCfg = Debug|Any CPU
		{3A385F29-42E2-4CAF-B1F2-2A1A7B90A971}.Release|Any CPU.ActiveCfg = Release|Any CPU
		{3A385F29-42E2-4CAF-B1F2-2A1A7B90A971}.Release|Any CPU.Build.0 = Release|Any CPU
		{3A385F29-42E2-4CAF-B1F2-2A1A7B90A971}.Release|Mixed Platforms.ActiveCfg = Release|Any CPU
		{3A385F29-42E2-4CAF-B1F2-2A1A7B90A971}.Release|Mixed Platforms.Build.0 = Release|Any CPU
		{3A385F29-42E2-4CAF-B1F2-2A1A7B90A971}.Release|x64.ActiveCfg = Release|Any CPU
		{3A385F29-42E2-4CAF-B1F2-2A1A7B90A971}.Release|x86.ActiveCfg = Release|Any CPU
		{23848103-7DC0-4AB0-958F-B8793FFD1F2D}.Debug|Any CPU.ActiveCfg = Debug|Any CPU
		{23848103-7DC0-4AB0-958F-B8793FFD1F2D}.Debug|Any CPU.Build.0 = Debug|Any CPU
		{23848103-7DC0-4AB0-958F-B8793FFD1F2D}.Debug|Mixed Platforms.ActiveCfg = Debug|x86
		{23848103-7DC0-4AB0-958F-B8793FFD1F2D}.Debug|Mixed Platforms.Build.0 = Debug|x86
		{23848103-7DC0-4AB0-958F-B8793FFD1F2D}.Debug|x64.ActiveCfg = Debug|x64
		{23848103-7DC0-4AB0-958F-B8793FFD1F2D}.Debug|x64.Build.0 = Debug|x64
		{23848103-7DC0-4AB0-958F-B8793FFD1F2D}.Debug|x86.ActiveCfg = Debug|x86
		{23848103-7DC0-4AB0-958F-B8793FFD1F2D}.Debug|x86.Build.0 = Debug|x86
		{23848103-7DC0-4AB0-958F-B8793FFD1F2D}.Release|Any CPU.ActiveCfg = Release|Any CPU
		{23848103-7DC0-4AB0-958F-B8793FFD1F2D}.Release|Any CPU.Build.0 = Release|Any CPU
		{23848103-7DC0-4AB0-958F-B8793FFD1F2D}.Release|Mixed Platforms.ActiveCfg = Release|x86
		{23848103-7DC0-4AB0-958F-B8793FFD1F2D}.Release|Mixed Platforms.Build.0 = Release|x86
		{23848103-7DC0-4AB0-958F-B8793FFD1F2D}.Release|x64.ActiveCfg = Release|x64
		{23848103-7DC0-4AB0-958F-B8793FFD1F2D}.Release|x64.Build.0 = Release|x64
		{23848103-7DC0-4AB0-958F-B8793FFD1F2D}.Release|x86.ActiveCfg = Release|x86
		{23848103-7DC0-4AB0-958F-B8793FFD1F2D}.Release|x86.Build.0 = Release|x86
		{E01F9C34-F404-48DC-92E2-991DA7ADF9EB}.Debug|Any CPU.ActiveCfg = Debug|Any CPU
		{E01F9C34-F404-48DC-92E2-991DA7ADF9EB}.Debug|Any CPU.Build.0 = Debug|Any CPU
		{E01F9C34-F404-48DC-92E2-991DA7ADF9EB}.Debug|Mixed Platforms.ActiveCfg = Debug|Any CPU
		{E01F9C34-F404-48DC-92E2-991DA7ADF9EB}.Debug|Mixed Platforms.Build.0 = Debug|Any CPU
		{E01F9C34-F404-48DC-92E2-991DA7ADF9EB}.Debug|x64.ActiveCfg = Debug|Any CPU
		{E01F9C34-F404-48DC-92E2-991DA7ADF9EB}.Debug|x86.ActiveCfg = Debug|Any CPU
		{E01F9C34-F404-48DC-92E2-991DA7ADF9EB}.Release|Any CPU.ActiveCfg = Release|Any CPU
		{E01F9C34-F404-48DC-92E2-991DA7ADF9EB}.Release|Any CPU.Build.0 = Release|Any CPU
		{E01F9C34-F404-48DC-92E2-991DA7ADF9EB}.Release|Mixed Platforms.ActiveCfg = Release|Any CPU
		{E01F9C34-F404-48DC-92E2-991DA7ADF9EB}.Release|Mixed Platforms.Build.0 = Release|Any CPU
		{E01F9C34-F404-48DC-92E2-991DA7ADF9EB}.Release|x64.ActiveCfg = Release|Any CPU
		{E01F9C34-F404-48DC-92E2-991DA7ADF9EB}.Release|x86.ActiveCfg = Release|Any CPU
	EndGlobalSection
	GlobalSection(SolutionProperties) = preSolution
		HideSolutionNode = FALSE
	EndGlobalSection
	GlobalSection(NestedProjects) = preSolution
		{FDAB0808-F6E9-44D7-A411-121CCEC2E61E} = {744E0F28-C378-4808-8C65-746D09AFCF36}
		{3A385F29-42E2-4CAF-B1F2-2A1A7B90A971} = {744E0F28-C378-4808-8C65-746D09AFCF36}
		{23848103-7DC0-4AB0-958F-B8793FFD1F2D} = {744E0F28-C378-4808-8C65-746D09AFCF36}
		{E01F9C34-F404-48DC-92E2-991DA7ADF9EB} = {744E0F28-C378-4808-8C65-746D09AFCF36}
	EndGlobalSection
EndGlobal
